
Microsoft Visual Studio Solution File, Format Version 12.00
# Visual Studio Version 17
VisualStudioVersion = 17.4.33213.308
MinimumVisualStudioVersion = 10.0.40219.1
Project("{FAE04EC0-301F-11D3-BF4B-00C04F79EFBC}") = "rubiks-cube-solver", "rubiks-cube-solver.csproj", "{81FA5E96-01C3-416F-9A5C-DE8C1F591444}"
EndProject
Global
	GlobalSection(SolutionConfigurationPlatforms) = preSolution
		Debug|Any CPU = Debug|Any CPU
		ExportDebug|Any CPU = ExportDebug|Any CPU
		ExportRelease|Any CPU = ExportRelease|Any CPU
	EndGlobalSection
	GlobalSection(ProjectConfigurationPlatforms) = postSolution
		{81FA5E96-01C3-416F-9A5C-DE8C1F591444}.Debug|Any CPU.ActiveCfg = Debug|Any CPU
		{81FA5E96-01C3-416F-9A5C-DE8C1F591444}.Debug|Any CPU.Build.0 = Debug|Any CPU
		{81FA5E96-01C3-416F-9A5C-DE8C1F591444}.ExportDebug|Any CPU.ActiveCfg = ExportDebug|Any CPU
		{81FA5E96-01C3-416F-9A5C-DE8C1F591444}.ExportDebug|Any CPU.Build.0 = ExportDebug|Any CPU
		{81FA5E96-01C3-416F-9A5C-DE8C1F591444}.ExportRelease|Any CPU.ActiveCfg = ExportRelease|Any CPU
		{81FA5E96-01C3-416F-9A5C-DE8C1F591444}.ExportRelease|Any CPU.Build.0 = ExportRelease|Any CPU
	EndGlobalSection
	GlobalSection(SolutionProperties) = preSolution
		HideSolutionNode = FALSE
	EndGlobalSection
	GlobalSection(ExtensibilityGlobals) = postSolution
		SolutionGuid = {B88853C1-FCFD-47C3-BD22-9D34EFB5054B}
	EndGlobalSection
EndGlobal
